
Microsoft Visual Studio Solution File, Format Version 12.00
# Visual Studio Version 17
VisualStudioVersion = 17.1.32421.90
MinimumVisualStudioVersion = 10.0.40219.1
Project("{FAE04EC0-301F-11D3-BF4B-00C04F79EFBC}") = "projectDream", "projectDream.csproj", "{8E7ECC66-96C2-47AA-B006-DC52AB7D23C2}"
EndProject
Global
	GlobalSection(SolutionConfigurationPlatforms) = preSolution
		Debug|Any CPU = Debug|Any CPU
		Release|Any CPU = Release|Any CPU
	EndGlobalSection
	GlobalSection(ProjectConfigurationPlatforms) = postSolution
		{8E7ECC66-96C2-47AA-B006-DC52AB7D23C2}.Debug|Any CPU.ActiveCfg = Debug|Any CPU
		{8E7ECC66-96C2-47AA-B006-DC52AB7D23C2}.Debug|Any CPU.Build.0 = Debug|Any CPU
		{8E7ECC66-96C2-47AA-B006-DC52AB7D23C2}.Release|Any CPU.ActiveCfg = Release|Any CPU
		{8E7ECC66-96C2-47AA-B006-DC52AB7D23C2}.Release|Any CPU.Build.0 = Release|Any CPU
	EndGlobalSection
	GlobalSection(SolutionProperties) = preSolution
		HideSolutionNode = FALSE
	EndGlobalSection
	GlobalSection(ExtensibilityGlobals) = postSolution
		SolutionGuid = {DB29AB63-1E3B-453A-A670-FE4DCFE4CA03}
	EndGlobalSection
EndGlobal
